
Microsoft Visual Studio Solution File, Format Version 12.00
# Visual Studio Version 16
VisualStudioVersion = 16.0.29613.14
MinimumVisualStudioVersion = 10.0.40219.1
Project("{FAE04EC0-301F-11D3-BF4B-00C04F79EFBC}") = "Hello World WinForms", "Hello World WinForms\Hello World WinForms.csproj", "{FA0E8BA9-551C-4B1A-8273-EB46758876D4}"
EndProject
Global
	GlobalSection(SolutionConfigurationPlatforms) = preSolution
		Debug|Any CPU = Debug|Any CPU
		Release|Any CPU = Release|Any CPU
	EndGlobalSection
	GlobalSection(ProjectConfigurationPlatforms) = postSolution
		{FA0E8BA9-551C-4B1A-8273-EB46758876D4}.Debug|Any CPU.ActiveCfg = Debug|Any CPU
		{FA0E8BA9-551C-4B1A-8273-EB46758876D4}.Debug|Any CPU.Build.0 = Debug|Any CPU
		{FA0E8BA9-551C-4B1A-8273-EB46758876D4}.Release|Any CPU.ActiveCfg = Release|Any CPU
		{FA0E8BA9-551C-4B1A-8273-EB46758876D4}.Release|Any CPU.Build.0 = Release|Any CPU
	EndGlobalSection
	GlobalSection(SolutionProperties) = preSolution
		HideSolutionNode = FALSE
	EndGlobalSection
	GlobalSection(ExtensibilityGlobals) = postSolution
		SolutionGuid = {7312A5FC-A61F-4422-AD19-91A57EF25737}
	EndGlobalSection
EndGlobal
