
Microsoft Visual Studio Solution File, Format Version 12.00
# Visual Studio Version 16
VisualStudioVersion = 16.0.29613.14
MinimumVisualStudioVersion = 10.0.40219.1
Project("{FAE04EC0-301F-11D3-BF4B-00C04F79EFBC}") = "Dialog Controls", "Dialog Controls\Dialog Controls.csproj", "{875CDD97-EAA7-4A8C-8C45-EC9D6254D7EF}"
EndProject
Global
	GlobalSection(SolutionConfigurationPlatforms) = preSolution
		Debug|Any CPU = Debug|Any CPU
		Release|Any CPU = Release|Any CPU
	EndGlobalSection
	GlobalSection(ProjectConfigurationPlatforms) = postSolution
		{875CDD97-EAA7-4A8C-8C45-EC9D6254D7EF}.Debug|Any CPU.ActiveCfg = Debug|Any CPU
		{875CDD97-EAA7-4A8C-8C45-EC9D6254D7EF}.Debug|Any CPU.Build.0 = Debug|Any CPU
		{875CDD97-EAA7-4A8C-8C45-EC9D6254D7EF}.Release|Any CPU.ActiveCfg = Release|Any CPU
		{875CDD97-EAA7-4A8C-8C45-EC9D6254D7EF}.Release|Any CPU.Build.0 = Release|Any CPU
	EndGlobalSection
	GlobalSection(SolutionProperties) = preSolution
		HideSolutionNode = FALSE
	EndGlobalSection
	GlobalSection(ExtensibilityGlobals) = postSolution
		SolutionGuid = {BC752491-FAD9-491A-9E36-2DD0AF35C4CE}
	EndGlobalSection
EndGlobal
